
Microsoft Visual Studio Solution File, Format Version 12.00
# Visual Studio Version 16
VisualStudioVersion = 16.0.29519.87
MinimumVisualStudioVersion = 10.0.40219.1
Project("{9A19103F-16F7-4668-BE54-9A1E7A4F7556}") = "Rychusoft.Counters.ExecutionTimeCounter", "src\Rychusoft.Counters.ExecutionTimeCounter\Rychusoft.Counters.ExecutionTimeCounter.csproj", "{1E824D69-FDA7-449D-98C1-56A309337C81}"
EndProject
Project("{2150E333-8FDC-42A3-9474-1A3956D46DE8}") = "scripts", "scripts", "{5B73CEFC-4FD3-4C4B-AB2B-71B7CAE1B929}"
EndProject
Project("{2150E333-8FDC-42A3-9474-1A3956D46DE8}") = "src", "src", "{A9363242-C0D8-4EAD-95B3-F07BDD42F459}"
EndProject
Project("{2150E333-8FDC-42A3-9474-1A3956D46DE8}") = "tests", "tests", "{156F841E-8F01-472D-B399-0E6C28D1F908}"
EndProject
Project("{FAE04EC0-301F-11D3-BF4B-00C04F79EFBC}") = "Rychusoft.Counters.ExecutionTimeCounter.Tests", "tests\Rychusoft.Counters.ExecutionTimeCounter.Tests\Rychusoft.Counters.ExecutionTimeCounter.Tests.csproj", "{222EF5A6-12ED-4F0E-A8CD-0566769B7B7F}"
EndProject
Global
	GlobalSection(SolutionConfigurationPlatforms) = preSolution
		Debug|Any CPU = Debug|Any CPU
		Release|Any CPU = Release|Any CPU
	EndGlobalSection
	GlobalSection(ProjectConfigurationPlatforms) = postSolution
		{1E824D69-FDA7-449D-98C1-56A309337C81}.Debug|Any CPU.ActiveCfg = Debug|Any CPU
		{1E824D69-FDA7-449D-98C1-56A309337C81}.Debug|Any CPU.Build.0 = Debug|Any CPU
		{1E824D69-FDA7-449D-98C1-56A309337C81}.Release|Any CPU.ActiveCfg = Release|Any CPU
		{1E824D69-FDA7-449D-98C1-56A309337C81}.Release|Any CPU.Build.0 = Release|Any CPU
		{222EF5A6-12ED-4F0E-A8CD-0566769B7B7F}.Debug|Any CPU.ActiveCfg = Debug|Any CPU
		{222EF5A6-12ED-4F0E-A8CD-0566769B7B7F}.Debug|Any CPU.Build.0 = Debug|Any CPU
		{222EF5A6-12ED-4F0E-A8CD-0566769B7B7F}.Release|Any CPU.ActiveCfg = Release|Any CPU
		{222EF5A6-12ED-4F0E-A8CD-0566769B7B7F}.Release|Any CPU.Build.0 = Release|Any CPU
	EndGlobalSection
	GlobalSection(SolutionProperties) = preSolution
		HideSolutionNode = FALSE
	EndGlobalSection
	GlobalSection(NestedProjects) = preSolution
		{1E824D69-FDA7-449D-98C1-56A309337C81} = {A9363242-C0D8-4EAD-95B3-F07BDD42F459}
		{222EF5A6-12ED-4F0E-A8CD-0566769B7B7F} = {156F841E-8F01-472D-B399-0E6C28D1F908}
	EndGlobalSection
	GlobalSection(ExtensibilityGlobals) = postSolution
		SolutionGuid = {DA9088AB-3BDE-4A14-BCB4-07B7E42B7132}
	EndGlobalSection
EndGlobal
